// !$*UTF8*$!
{
	archiveVersion = 1;
	classes = {
	};
	objectVersion = 46;
	objects = {

/* Begin PBXBuildFile section */
		396E366316C88F6600AA2696 /* UIKit.framework in Frameworks */ = {isa = PBXBuildFile; fileRef = 396E366216C88F6600AA2696 /* UIKit.framework */; };
		396E366516C88F6600AA2696 /* Foundation.framework in Frameworks */ = {isa = PBXBuildFile; fileRef = 396E366416C88F6600AA2696 /* Foundation.framework */; };
		396E366716C88F6600AA2696 /* CoreGraphics.framework in Frameworks */ = {isa = PBXBuildFile; fileRef = 396E366616C88F6600AA2696 /* CoreGraphics.framework */; };
		396E366D16C88F6600AA2696 /* InfoPlist.strings in Resources */ = {isa = PBXBuildFile; fileRef = 396E366B16C88F6600AA2696 /* InfoPlist.strings */; };
		396E366F16C88F6600AA2696 /* main.m in Sources */ = {isa = PBXBuildFile; fileRef = 396E366E16C88F6600AA2696 /* main.m */; };
		396E367316C88F6600AA2696 /* Feb14AppDelegate.m in Sources */ = {isa = PBXBuildFile; fileRef = 396E367216C88F6600AA2696 /* Feb14AppDelegate.m */; };
		396E367516C88F6600AA2696 /* Default.png in Resources */ = {isa = PBXBuildFile; fileRef = 396E367416C88F6600AA2696 /* Default.png */; };
		396E367716C88F6600AA2696 /* Default@2x.png in Resources */ = {isa = PBXBuildFile; fileRef = 396E367616C88F6600AA2696 /* Default@2x.png */; };
		396E367916C88F6600AA2696 /* Default-568h@2x.png in Resources */ = {isa = PBXBuildFile; fileRef = 396E367816C88F6600AA2696 /* Default-568h@2x.png */; };
/* End PBXBuildFile section */

/* Begin PBXFileReference section */
		396E365F16C88F6600AA2696 /* Feb14.app */ = {isa = PBXFileReference; explicitFileType = wrapper.application; includeInIndex = 0; path = Feb14.app; sourceTree = BUILT_PRODUCTS_DIR; };
		396E366216C88F6600AA2696 /* UIKit.framework */ = {isa = PBXFileReference; lastKnownFileType = wrapper.framework; name = UIKit.framework; path = System/Library/Frameworks/UIKit.framework; sourceTree = SDKROOT; };
		396E366416C88F6600AA2696 /* Foundation.framework */ = {isa = PBXFileReference; lastKnownFileType = wrapper.framework; name = Foundation.framework; path = System/Library/Frameworks/Foundation.framework; sourceTree = SDKROOT; };
		396E366616C88F6600AA2696 /* CoreGraphics.framework */ = {isa = PBXFileReference; lastKnownFileType = wrapper.framework; name = CoreGraphics.framework; path = System/Library/Frameworks/CoreGraphics.framework; sourceTree = SDKROOT; };
		396E366A16C88F6600AA2696 /* Feb14-Info.plist */ = {isa = PBXFileReference; lastKnownFileType = text.plist.xml; path = "Feb14-Info.plist"; sourceTree = "<group>"; };
		396E366C16C88F6600AA2696 /* en */ = {isa = PBXFileReference; lastKnownFileType = text.plist.strings; name = en; path = en.lproj/InfoPlist.strings; sourceTree = "<group>"; };
		396E366E16C88F6600AA2696 /* main.m */ = {isa = PBXFileReference; lastKnownFileType = sourcecode.c.objc; path = main.m; sourceTree = "<group>"; };
		396E367016C88F6600AA2696 /* Feb14-Prefix.pch */ = {isa = PBXFileReference; lastKnownFileType = sourcecode.c.h; path = "Feb14-Prefix.pch"; sourceTree = "<group>"; };
		396E367116C88F6600AA2696 /* Feb14AppDelegate.h */ = {isa = PBXFileReference; lastKnownFileType = sourcecode.c.h; path = Feb14AppDelegate.h; sourceTree = "<group>"; };
		396E367216C88F6600AA2696 /* Feb14AppDelegate.m */ = {isa = PBXFileReference; lastKnownFileType = sourcecode.c.objc; path = Feb14AppDelegate.m; sourceTree = "<group>"; };
		396E367416C88F6600AA2696 /* Default.png */ = {isa = PBXFileReference; lastKnownFileType = image.png; path = Default.png; sourceTree = "<group>"; };
		396E367616C88F6600AA2696 /* Default@2x.png */ = {isa = PBXFileReference; lastKnownFileType = image.png; path = "Default@2x.png"; sourceTree = "<group>"; };
		396E367816C88F6600AA2696 /* Default-568h@2x.png */ = {isa = PBXFileReference; lastKnownFileType = image.png; path = "Default-568h@2x.png"; sourceTree = "<group>"; };
/* End PBXFileReference section */

/* Begin PBXFrameworksBuildPhase section */
		396E365C16C88F6600AA2696 /* Frameworks */ = {
			isa = PBXFrameworksBuildPhase;
			buildActionMask = 2147483647;
			files = (
				396E366316C88F6600AA2696 /* UIKit.framework in Frameworks */,
				396E366516C88F6600AA2696 /* Foundation.framework in Frameworks */,
				396E366716C88F6600AA2696 /* CoreGraphics.framework in Frameworks */,
			);
			runOnlyForDeploymentPostprocessing = 0;
		};
/* End PBXFrameworksBuildPhase section */

/* Begin PBXGroup section */
		396E365616C88F6600AA2696 = {
			isa = PBXGroup;
			children = (
				396E366816C88F6600AA2696 /* Feb14 */,
				396E366116C88F6600AA2696 /* Frameworks */,
				396E366016C88F6600AA2696 /* Products */,
			);
			sourceTree = "<group>";
		};
		396E366016C88F6600AA2696 /* Products */ = {
			isa = PBXGroup;
			children = (
				396E365F16C88F6600AA2696 /* Feb14.app */,
			);
			name = Products;
			sourceTree = "<group>";
		};
		396E366116C88F6600AA2696 /* Frameworks */ = {
			isa = PBXGroup;
			children = (
				396E366216C88F6600AA2696 /* UIKit.framework */,
				396E366416C88F6600AA2696 /* Foundation.framework */,
				396E366616C88F6600AA2696 /* CoreGraphics.framework */,
			);
			name = Frameworks;
			sourceTree = "<group>";
		};
		396E366816C88F6600AA2696 /* Feb14 */ = {
			isa = PBXGroup;
			children = (
				396E367116C88F6600AA2696 /* Feb14AppDelegate.h */,
				396E367216C88F6600AA2696 /* Feb14AppDelegate.m */,
				396E366916C88F6600AA2696 /* Supporting Files */,
			);
			path = Feb14;
			sourceTree = "<group>";
		};
		396E366916C88F6600AA2696 /* Supporting Files */ = {
			isa = PBXGroup;
			children = (
				396E366A16C88F6600AA2696 /* Feb14-Info.plist */,
				396E366B16C88F6600AA2696 /* InfoPlist.strings */,
				396E366E16C88F6600AA2696 /* main.m */,
				396E367016C88F6600AA2696 /* Feb14-Prefix.pch */,
				396E367416C88F6600AA2696 /* Default.png */,
				396E367616C88F6600AA2696 /* Default@2x.png */,
				396E367816C88F6600AA2696 /* Default-568h@2x.png */,
			);
			name = "Supporting Files";
			sourceTree = "<group>";
		};
/* End PBXGroup section */

/* Begin PBXNativeTarget section */
		396E365E16C88F6600AA2696 /* Feb14 */ = {
			isa = PBXNativeTarget;
			buildConfigurationList = 396E367C16C88F6600AA2696 /* Build configuration list for PBXNativeTarget "Feb14" */;
			buildPhases = (
				396E365B16C88F6600AA2696 /* Sources */,
				396E365C16C88F6600AA2696 /* Frameworks */,
				396E365D16C88F6600AA2696 /* Resources */,
			);
			buildRules = (
			);
			dependencies = (
			);
			name = Feb14;
			productName = Feb14;
			productReference = 396E365F16C88F6600AA2696 /* Feb14.app */;
			productType = "com.apple.product-type.application";
		};
/* End PBXNativeTarget section */

/* Begin PBXProject section */
		396E365716C88F6600AA2696 /* Project object */ = {
			isa = PBXProject;
			attributes = {
				CLASSPREFIX = Feb14;
				LastUpgradeCheck = 0460;
				ORGANIZATIONNAME = "Christopher J Di Luccia";
			};
			buildConfigurationList = 396E365A16C88F6600AA2696 /* Build configuration list for PBXProject "Feb14" */;
			compatibilityVersion = "Xcode 3.2";
			developmentRegion = English;
			hasScannedForEncodings = 0;
			knownRegions = (
				en,
			);
			mainGroup = 396E365616C88F6600AA2696;
			productRefGroup = 396E366016C88F6600AA2696 /* Products */;
			projectDirPath = "";
			projectRoot = "";
			targets = (
				396E365E16C88F6600AA2696 /* Feb14 */,
			);
		};
/* End PBXProject section */

/* Begin PBXResourcesBuildPhase section */
		396E365D16C88F6600AA2696 /* Resources */ = {
			isa = PBXResourcesBuildPhase;
			buildActionMask = 2147483647;
			files = (
				396E366D16C88F6600AA2696 /* InfoPlist.strings in Resources */,
				396E367516C88F6600AA2696 /* Default.png in Resources */,
				396E367716C88F6600AA2696 /* Default@2x.png in Resources */,
				396E367916C88F6600AA2696 /* Default-568h@2x.png in Resources */,
			);
			runOnlyForDeploymentPostprocessing = 0;
		};
/* End PBXResourcesBuildPhase section */

/* Begin PBXSourcesBuildPhase section */
		396E365B16C88F6600AA2696 /* Sources */ = {
			isa = PBXSourcesBuildPhase;
			buildActionMask = 2147483647;
			files = (
				396E366F16C88F6600AA2696 /* main.m in Sources */,
				396E367316C88F6600AA2696 /* Feb14AppDelegate.m in Sources */,
			);
			runOnlyForDeploymentPostprocessing = 0;
		};
/* End PBXSourcesBuildPhase section */

/* Begin PBXVariantGroup section */
		396E366B16C88F6600AA2696 /* InfoPlist.strings */ = {
			isa = PBXVariantGroup;
			children = (
				396E366C16C88F6600AA2696 /* en */,
			);
			name = InfoPlist.strings;
			sourceTree = "<group>";
		};
/* End PBXVariantGroup section */

/* Begin XCBuildConfiguration section */
		396E367A16C88F6600AA2696 /* Debug */ = {
			isa = XCBuildConfiguration;
			buildSettings = {
				ALWAYS_SEARCH_USER_PATHS = NO;
				CLANG_CXX_LANGUAGE_STANDARD = "gnu++0x";
				CLANG_CXX_LIBRARY = "libc++";
				CLANG_ENABLE_OBJC_ARC = YES;
				CLANG_WARN_CONSTANT_CONVERSION = YES;
				CLANG_WARN_EMPTY_BODY = YES;
				CLANG_WARN_ENUM_CONVERSION = YES;
				CLANG_WARN_INT_CONVERSION = YES;
				CLANG_WARN__DUPLICATE_METHOD_MATCH = YES;
				"CODE_SIGN_IDENTITY[sdk=iphoneos*]" = "iPhone Developer";
				COPY_PHASE_STRIP = NO;
				GCC_C_LANGUAGE_STANDARD = gnu99;
				GCC_DYNAMIC_NO_PIC = NO;
				GCC_OPTIMIZATION_LEVEL = 0;
				GCC_PREPROCESSOR_DEFINITIONS = (
					"DEBUG=1",
					"$(inherited)",
				);
				GCC_SYMBOLS_PRIVATE_EXTERN = NO;
				GCC_WARN_ABOUT_RETURN_TYPE = YES;
				GCC_WARN_UNINITIALIZED_AUTOS = YES;
				GCC_WARN_UNUSED_VARIABLE = YES;
				IPHONEOS_DEPLOYMENT_TARGET = 6.1;
				ONLY_ACTIVE_ARCH = YES;
				SDKROOT = iphoneos;
			};
			name = Debug;
		};
		396E367B16C88F6600AA2696 /* Release */ = {
			isa = XCBuildConfiguration;
			buildSettings = {
				ALWAYS_SEARCH_USER_PATHS = NO;
				CLANG_CXX_LANGUAGE_STANDARD = "gnu++0x";
				CLANG_CXX_LIBRARY = "libc++";
				CLANG_ENABLE_OBJC_ARC = YES;
				CLANG_WARN_CONSTANT_CONVERSION = YES;
				CLANG_WARN_EMPTY_BODY = YES;
				CLANG_WARN_ENUM_CONVERSION = YES;
				CLANG_WARN_INT_CONVERSION = YES;
				CLANG_WARN__DUPLICATE_METHOD_MATCH = YES;
				"CODE_SIGN_IDENTITY[sdk=iphoneos*]" = "iPhone Developer";
				COPY_PHASE_STRIP = YES;
				GCC_C_LANGUAGE_STANDARD = gnu99;
				GCC_WARN_ABOUT_RETURN_TYPE = YES;
				GCC_WARN_UNINITIALIZED_AUTOS = YES;
				GCC_WARN_UNUSED_VARIABLE = YES;
				IPHONEOS_DEPLOYMENT_TARGET = 6.1;
				OTHER_CFLAGS = "-DNS_BLOCK_ASSERTIONS=1";
				SDKROOT = iphoneos;
				VALIDATE_PRODUCT = YES;
			};
			name = Release;
		};
		396E367D16C88F6600AA2696 /* Debug */ = {
			isa = XCBuildConfiguration;
			buildSettings = {
				GCC_PRECOMPILE_PREFIX_HEADER = YES;
				GCC_PREFIX_HEADER = "Feb14/Feb14-Prefix.pch";
				INFOPLIST_FILE = "Feb14/Feb14-Info.plist";
				PRODUCT_NAME = "$(TARGET_NAME)";
				WRAPPER_EXTENSION = app;
			};
			name = Debug;
		};
		396E367E16C88F6600AA2696 /* Release */ = {
			isa = XCBuildConfiguration;
			buildSettings = {
				GCC_PRECOMPILE_PREFIX_HEADER = YES;
				GCC_PREFIX_HEADER = "Feb14/Feb14-Prefix.pch";
				INFOPLIST_FILE = "Feb14/Feb14-Info.plist";
				PRODUCT_NAME = "$(TARGET_NAME)";
				WRAPPER_EXTENSION = app;
			};
			name = Release;
		};
/* End XCBuildConfiguration section */

/* Begin XCConfigurationList section */
		396E365A16C88F6600AA2696 /* Build configuration list for PBXProject "Feb14" */ = {
			isa = XCConfigurationList;
			buildConfigurations = (
				396E367A16C88F6600AA2696 /* Debug */,
				396E367B16C88F6600AA2696 /* Release */,
			);
			defaultConfigurationIsVisible = 0;
			defaultConfigurationName = Release;
		};
		396E367C16C88F6600AA2696 /* Build configuration list for PBXNativeTarget "Feb14" */ = {
			isa = XCConfigurationList;
			buildConfigurations = (
				396E367D16C88F6600AA2696 /* Debug */,
				396E367E16C88F6600AA2696 /* Release */,
			);
			defaultConfigurationIsVisible = 0;
		};
/* End XCConfigurationList section */
	};
	rootObject = 396E365716C88F6600AA2696 /* Project object */;
}
